
Microsoft Visual Studio Solution File, Format Version 12.00
# Visual Studio Version 16
VisualStudioVersion = 25.0.1706.8
MinimumVisualStudioVersion = 10.0.40219.1
Project("{FAE04EC0-301F-11D3-BF4B-00C04F79EFBC}") = "HPlusSport.API", "HPlusSport.API\HPlusSport.API.csproj", "{89D15AD9-B1CD-400F-8ACD-65F4CBC8F1E4}"
EndProject
Global
	GlobalSection(SolutionConfigurationPlatforms) = preSolution
		Debug|Any CPU = Debug|Any CPU
		Release|Any CPU = Release|Any CPU
	EndGlobalSection
	GlobalSection(ProjectConfigurationPlatforms) = postSolution
		{89D15AD9-B1CD-400F-8ACD-65F4CBC8F1E4}.Debug|Any CPU.ActiveCfg = Debug|Any CPU
		{89D15AD9-B1CD-400F-8ACD-65F4CBC8F1E4}.Debug|Any CPU.Build.0 = Debug|Any CPU
		{89D15AD9-B1CD-400F-8ACD-65F4CBC8F1E4}.Release|Any CPU.ActiveCfg = Release|Any CPU
		{89D15AD9-B1CD-400F-8ACD-65F4CBC8F1E4}.Release|Any CPU.Build.0 = Release|Any CPU
	EndGlobalSection
	GlobalSection(SolutionProperties) = preSolution
		HideSolutionNode = FALSE
	EndGlobalSection
	GlobalSection(ExtensibilityGlobals) = postSolution
		SolutionGuid = {643E61F7-D3FA-4D65-A12A-A8A6BA0B9EBE}
	EndGlobalSection
EndGlobal
